// !$*UTF8*$!
{
	archiveVersion = 1;
	classes = {
	};
	objectVersion = 56;
	objects = {

/* Begin PBXBuildFile section */
		08355DEF29A1A949000F434C /* StartingScreen.swift in Sources */ = {isa = PBXBuildFile; fileRef = 08355DEE29A1A949000F434C /* StartingScreen.swift */; };
		08355DF129A1B126000F434C /* Constants.swift in Sources */ = {isa = PBXBuildFile; fileRef = 08355DF029A1B126000F434C /* Constants.swift */; };
		0854173A297620920068FCB1 /* Comfort_Rides_ProApp.swift in Sources */ = {isa = PBXBuildFile; fileRef = 08541739297620920068FCB1 /* Comfort_Rides_ProApp.swift */; };
		0854173C297620920068FCB1 /* ContentView.swift in Sources */ = {isa = PBXBuildFile; fileRef = 0854173B297620920068FCB1 /* ContentView.swift */; };
		0854173E297620930068FCB1 /* Assets.xcassets in Resources */ = {isa = PBXBuildFile; fileRef = 0854173D297620930068FCB1 /* Assets.xcassets */; };
		08541741297620930068FCB1 /* Preview Assets.xcassets in Resources */ = {isa = PBXBuildFile; fileRef = 08541740297620930068FCB1 /* Preview Assets.xcassets */; };
		0854174B2978C97D0068FCB1 /* Ride.swift in Sources */ = {isa = PBXBuildFile; fileRef = 0854174A2978C97D0068FCB1 /* Ride.swift */; };
		0854175C297E14F40068FCB1 /* MapItemPicker in Frameworks */ = {isa = PBXBuildFile; productRef = 0854175B297E14F40068FCB1 /* MapItemPicker */; };
		086C9D0029A6622C00344576 /* Overview.swift in Sources */ = {isa = PBXBuildFile; fileRef = 086C9CFF29A6622C00344576 /* Overview.swift */; };
		0870CA822A3611BE0064F8A3 /* BookedRides.swift in Sources */ = {isa = PBXBuildFile; fileRef = 0870CA812A3611BE0064F8A3 /* BookedRides.swift */; };
		088E591B29EA01780055DBB0 /* Launchscreen.swift in Sources */ = {isa = PBXBuildFile; fileRef = 088E591A29EA01780055DBB0 /* Launchscreen.swift */; };
		088E591D29EB00940055DBB0 /* CreatedBookingResponseData.swift in Sources */ = {isa = PBXBuildFile; fileRef = 088E591C29EB00940055DBB0 /* CreatedBookingResponseData.swift */; };
		088E592129EB090E0055DBB0 /* LocationsData.swift in Sources */ = {isa = PBXBuildFile; fileRef = 088E592029EB090E0055DBB0 /* LocationsData.swift */; };
		088E592329EB0AEF0055DBB0 /* CreatedLocationResponseData.swift in Sources */ = {isa = PBXBuildFile; fileRef = 088E592229EB0AEF0055DBB0 /* CreatedLocationResponseData.swift */; };
		08902E39299C57BF00DA89E2 /* DestinationSelector.swift in Sources */ = {isa = PBXBuildFile; fileRef = 08902E38299C57BF00DA89E2 /* DestinationSelector.swift */; };
		0891049929CFC61500D474B1 /* SquareManager.swift in Sources */ = {isa = PBXBuildFile; fileRef = 0891049829CFC61500D474B1 /* SquareManager.swift */; };
		0891049C29D0A54800D474B1 /* User.swift in Sources */ = {isa = PBXBuildFile; fileRef = 0891049B29D0A54800D474B1 /* User.swift */; };
		0891049E29D0A8FF00D474B1 /* SquareError.swift in Sources */ = {isa = PBXBuildFile; fileRef = 0891049D29D0A8FF00D474B1 /* SquareError.swift */; };
		089104A029D0DDD100D474B1 /* Login.swift in Sources */ = {isa = PBXBuildFile; fileRef = 0891049F29D0DDD100D474B1 /* Login.swift */; };
		089EAC7529AD83B9005DF94B /* AlertToast in Frameworks */ = {isa = PBXBuildFile; productRef = 089EAC7429AD83B9005DF94B /* AlertToast */; };
		08AF4FF52A3D26BA00236759 /* RideResponse.swift in Sources */ = {isa = PBXBuildFile; fileRef = 08AF4FF42A3D26BA00236759 /* RideResponse.swift */; };
		08D271292A3EAE6A006D5A76 /* SquareBuyerVerificationSDK.xcframework in Frameworks */ = {isa = PBXBuildFile; fileRef = 088371D32A19C10D00FB9999 /* SquareBuyerVerificationSDK.xcframework */; };
		08D2712A2A3EAE6A006D5A76 /* SquareBuyerVerificationSDK.xcframework in Embed Frameworks */ = {isa = PBXBuildFile; fileRef = 088371D32A19C10D00FB9999 /* SquareBuyerVerificationSDK.xcframework */; settings = {ATTRIBUTES = (CodeSignOnCopy, RemoveHeadersOnCopy, ); }; };
		08D2712C2A3EAE6D006D5A76 /* SquareInAppPaymentsSDK.xcframework in Frameworks */ = {isa = PBXBuildFile; fileRef = 088371D42A19C10E00FB9999 /* SquareInAppPaymentsSDK.xcframework */; };
		08D2712D2A3EAE6D006D5A76 /* SquareInAppPaymentsSDK.xcframework in Embed Frameworks */ = {isa = PBXBuildFile; fileRef = 088371D42A19C10E00FB9999 /* SquareInAppPaymentsSDK.xcframework */; settings = {ATTRIBUTES = (CodeSignOnCopy, RemoveHeadersOnCopy, ); }; };
/* End PBXBuildFile section */

/* Begin PBXCopyFilesBuildPhase section */
		08D2712B2A3EAE6A006D5A76 /* Embed Frameworks */ = {
			isa = PBXCopyFilesBuildPhase;
			buildActionMask = 2147483647;
			dstPath = "";
			dstSubfolderSpec = 10;
			files = (
				08D2712A2A3EAE6A006D5A76 /* SquareBuyerVerificationSDK.xcframework in Embed Frameworks */,
				08D2712D2A3EAE6D006D5A76 /* SquareInAppPaymentsSDK.xcframework in Embed Frameworks */,
			);
			name = "Embed Frameworks";
			runOnlyForDeploymentPostprocessing = 0;
		};
/* End PBXCopyFilesBuildPhase section */

/* Begin PBXFileReference section */
		08355DEE29A1A949000F434C /* StartingScreen.swift */ = {isa = PBXFileReference; lastKnownFileType = sourcecode.swift; path = StartingScreen.swift; sourceTree = "<group>"; };
		08355DF029A1B126000F434C /* Constants.swift */ = {isa = PBXFileReference; lastKnownFileType = sourcecode.swift; path = Constants.swift; sourceTree = "<group>"; };
		08541739297620920068FCB1 /* Comfort_Rides_ProApp.swift */ = {isa = PBXFileReference; lastKnownFileType = sourcecode.swift; path = Comfort_Rides_ProApp.swift; sourceTree = "<group>"; };
		0854173B297620920068FCB1 /* ContentView.swift */ = {isa = PBXFileReference; lastKnownFileType = sourcecode.swift; path = ContentView.swift; sourceTree = "<group>"; };
		0854173D297620930068FCB1 /* Assets.xcassets */ = {isa = PBXFileReference; lastKnownFileType = folder.assetcatalog; path = Assets.xcassets; sourceTree = "<group>"; };
		08541740297620930068FCB1 /* Preview Assets.xcassets */ = {isa = PBXFileReference; lastKnownFileType = folder.assetcatalog; path = "Preview Assets.xcassets"; sourceTree = "<group>"; };
		085417472978C1010068FCB1 /* Comfort Rides Pro.entitlements */ = {isa = PBXFileReference; lastKnownFileType = text.plist.entitlements; path = "Comfort Rides Pro.entitlements"; sourceTree = "<group>"; };
		0854174A2978C97D0068FCB1 /* Ride.swift */ = {isa = PBXFileReference; lastKnownFileType = sourcecode.swift; path = Ride.swift; sourceTree = "<group>"; };
		086C9CFF29A6622C00344576 /* Overview.swift */ = {isa = PBXFileReference; lastKnownFileType = sourcecode.swift; path = Overview.swift; sourceTree = "<group>"; };
		0870CA812A3611BE0064F8A3 /* BookedRides.swift */ = {isa = PBXFileReference; lastKnownFileType = sourcecode.swift; path = BookedRides.swift; sourceTree = "<group>"; };
		088371D32A19C10D00FB9999 /* SquareBuyerVerificationSDK.xcframework */ = {isa = PBXFileReference; lastKnownFileType = wrapper.xcframework; name = SquareBuyerVerificationSDK.xcframework; path = ../../Downloads/SquareInAppPaymentsSDK/SquareBuyerVerificationSDK.xcframework; sourceTree = "<group>"; };
		088371D42A19C10E00FB9999 /* SquareInAppPaymentsSDK.xcframework */ = {isa = PBXFileReference; lastKnownFileType = wrapper.xcframework; name = SquareInAppPaymentsSDK.xcframework; path = ../../Downloads/SquareInAppPaymentsSDK/SquareInAppPaymentsSDK.xcframework; sourceTree = "<group>"; };
		088371DE2A1A954D00FB9999 /* CorePaymentCard.framework */ = {isa = PBXFileReference; lastKnownFileType = wrapper.framework; name = CorePaymentCard.framework; path = "../../Downloads/SquareInAppPaymentsSDK/SquareInAppPaymentsSDK.xcframework/ios-arm64/SquareInAppPaymentsSDK.framework/Frameworks/CorePaymentCard.framework"; sourceTree = "<group>"; };
		088371E12A1A957700FB9999 /* ThreeDS_SDK.framework */ = {isa = PBXFileReference; lastKnownFileType = wrapper.framework; name = ThreeDS_SDK.framework; path = "../../Downloads/SquareInAppPaymentsSDK/SquareBuyerVerificationSDK.xcframework/ios-arm64/SquareBuyerVerificationSDK.framework/Frameworks/ThreeDS_SDK.framework"; sourceTree = "<group>"; };
		088E591A29EA01780055DBB0 /* Launchscreen.swift */ = {isa = PBXFileReference; lastKnownFileType = sourcecode.swift; path = Launchscreen.swift; sourceTree = "<group>"; };
		088E591C29EB00940055DBB0 /* CreatedBookingResponseData.swift */ = {isa = PBXFileReference; lastKnownFileType = sourcecode.swift; path = CreatedBookingResponseData.swift; sourceTree = "<group>"; };
		088E592029EB090E0055DBB0 /* LocationsData.swift */ = {isa = PBXFileReference; lastKnownFileType = sourcecode.swift; path = LocationsData.swift; sourceTree = "<group>"; };
		088E592229EB0AEF0055DBB0 /* CreatedLocationResponseData.swift */ = {isa = PBXFileReference; lastKnownFileType = sourcecode.swift; path = CreatedLocationResponseData.swift; sourceTree = "<group>"; };
		08902E38299C57BF00DA89E2 /* DestinationSelector.swift */ = {isa = PBXFileReference; lastKnownFileType = sourcecode.swift; path = DestinationSelector.swift; sourceTree = "<group>"; };
		0891049829CFC61500D474B1 /* SquareManager.swift */ = {isa = PBXFileReference; lastKnownFileType = sourcecode.swift; path = SquareManager.swift; sourceTree = "<group>"; };
		0891049B29D0A54800D474B1 /* User.swift */ = {isa = PBXFileReference; lastKnownFileType = sourcecode.swift; path = User.swift; sourceTree = "<group>"; };
		0891049D29D0A8FF00D474B1 /* SquareError.swift */ = {isa = PBXFileReference; lastKnownFileType = sourcecode.swift; path = SquareError.swift; sourceTree = "<group>"; };
		0891049F29D0DDD100D474B1 /* Login.swift */ = {isa = PBXFileReference; lastKnownFileType = sourcecode.swift; path = Login.swift; sourceTree = "<group>"; };
		08AF4FF42A3D26BA00236759 /* RideResponse.swift */ = {isa = PBXFileReference; lastKnownFileType = sourcecode.swift; path = RideResponse.swift; sourceTree = "<group>"; };
		08D271282A3EADDB006D5A76 /* Comfort Rides Pro.app */ = {isa = PBXFileReference; explicitFileType = wrapper.application; includeInIndex = 0; path = "Comfort Rides Pro.app"; sourceTree = BUILT_PRODUCTS_DIR; };
		08D8957B2A08649900E2232B /* Comfort-Rides-Pro-Info.plist */ = {isa = PBXFileReference; lastKnownFileType = text.plist; path = "Comfort-Rides-Pro-Info.plist"; sourceTree = SOURCE_ROOT; };
/* End PBXFileReference section */

/* Begin PBXFrameworksBuildPhase section */
		08541733297620920068FCB1 /* Frameworks */ = {
			isa = PBXFrameworksBuildPhase;
			buildActionMask = 2147483647;
			files = (
				08D271292A3EAE6A006D5A76 /* SquareBuyerVerificationSDK.xcframework in Frameworks */,
				08D2712C2A3EAE6D006D5A76 /* SquareInAppPaymentsSDK.xcframework in Frameworks */,
				0854175C297E14F40068FCB1 /* MapItemPicker in Frameworks */,
				089EAC7529AD83B9005DF94B /* AlertToast in Frameworks */,
			);
			runOnlyForDeploymentPostprocessing = 0;
		};
/* End PBXFrameworksBuildPhase section */

/* Begin PBXGroup section */
		0854172D297620920068FCB1 = {
			isa = PBXGroup;
			children = (
				08541738297620920068FCB1 /* Comfort Rides Pro */,
				088371D22A19C10D00FB9999 /* Frameworks */,
				08D271282A3EADDB006D5A76 /* Comfort Rides Pro.app */,
			);
			sourceTree = "<group>";
		};
		08541738297620920068FCB1 /* Comfort Rides Pro */ = {
			isa = PBXGroup;
			children = (
				08D8957B2A08649900E2232B /* Comfort-Rides-Pro-Info.plist */,
				085417472978C1010068FCB1 /* Comfort Rides Pro.entitlements */,
				08541739297620920068FCB1 /* Comfort_Rides_ProApp.swift */,
				0854173B297620920068FCB1 /* ContentView.swift */,
				088E591A29EA01780055DBB0 /* Launchscreen.swift */,
				0891049A29D0A53F00D474B1 /* Square Models */,
				08E1654D2A427FE700977020 /* Screens */,
				08355DF029A1B126000F434C /* Constants.swift */,
				0854173D297620930068FCB1 /* Assets.xcassets */,
				0854173F297620930068FCB1 /* Preview Content */,
			);
			path = "Comfort Rides Pro";
			sourceTree = "<group>";
		};
		0854173F297620930068FCB1 /* Preview Content */ = {
			isa = PBXGroup;
			children = (
				08541740297620930068FCB1 /* Preview Assets.xcassets */,
			);
			path = "Preview Content";
			sourceTree = "<group>";
		};
		088371D22A19C10D00FB9999 /* Frameworks */ = {
			isa = PBXGroup;
			children = (
				088371E12A1A957700FB9999 /* ThreeDS_SDK.framework */,
				088371DE2A1A954D00FB9999 /* CorePaymentCard.framework */,
				088371D32A19C10D00FB9999 /* SquareBuyerVerificationSDK.xcframework */,
				088371D42A19C10E00FB9999 /* SquareInAppPaymentsSDK.xcframework */,
			);
			name = Frameworks;
			sourceTree = "<group>";
		};
		0891049A29D0A53F00D474B1 /* Square Models */ = {
			isa = PBXGroup;
			children = (
				0854174A2978C97D0068FCB1 /* Ride.swift */,
				0891049829CFC61500D474B1 /* SquareManager.swift */,
				0891049B29D0A54800D474B1 /* User.swift */,
				0891049D29D0A8FF00D474B1 /* SquareError.swift */,
				088E591C29EB00940055DBB0 /* CreatedBookingResponseData.swift */,
				088E592029EB090E0055DBB0 /* LocationsData.swift */,
				088E592229EB0AEF0055DBB0 /* CreatedLocationResponseData.swift */,
				08AF4FF42A3D26BA00236759 /* RideResponse.swift */,
			);
			path = "Square Models";
			sourceTree = "<group>";
		};
		08E1654D2A427FE700977020 /* Screens */ = {
			isa = PBXGroup;
			children = (
				0891049F29D0DDD100D474B1 /* Login.swift */,
				08E1654E2A427FF400977020 /* Book Ride */,
				08E1654F2A427FFC00977020 /* Settings */,
			);
			path = Screens;
			sourceTree = "<group>";
		};
		08E1654E2A427FF400977020 /* Book Ride */ = {
			isa = PBXGroup;
			children = (
				08355DEE29A1A949000F434C /* StartingScreen.swift */,
				08902E38299C57BF00DA89E2 /* DestinationSelector.swift */,
				086C9CFF29A6622C00344576 /* Overview.swift */,
			);
			path = "Book Ride";
			sourceTree = "<group>";
		};
		08E1654F2A427FFC00977020 /* Settings */ = {
			isa = PBXGroup;
			children = (
				0870CA812A3611BE0064F8A3 /* BookedRides.swift */,
			);
			path = Settings;
			sourceTree = "<group>";
		};
/* End PBXGroup section */

/* Begin PBXNativeTarget section */
		08541735297620920068FCB1 /* Comfort Rides Pro */ = {
			isa = PBXNativeTarget;
			buildConfigurationList = 08541744297620930068FCB1 /* Build configuration list for PBXNativeTarget "Comfort Rides Pro" */;
			buildPhases = (
				08541732297620920068FCB1 /* Sources */,
				08541733297620920068FCB1 /* Frameworks */,
				08541734297620920068FCB1 /* Resources */,
				08D2712B2A3EAE6A006D5A76 /* Embed Frameworks */,
				08D2712E2A3EAE75006D5A76 /* ShellScript */,
			);
			buildRules = (
			);
			dependencies = (
			);
			name = "Comfort Rides Pro";
			packageProductDependencies = (
				0854175B297E14F40068FCB1 /* MapItemPicker */,
				089EAC7429AD83B9005DF94B /* AlertToast */,
			);
			productName = "Comfort Rides Pro";
			productReference = 08D271282A3EADDB006D5A76 /* Comfort Rides Pro.app */;
			productType = "com.apple.product-type.application";
		};
/* End PBXNativeTarget section */

/* Begin PBXProject section */
		0854172E297620920068FCB1 /* Project object */ = {
			isa = PBXProject;
			attributes = {
				BuildIndependentTargetsInParallel = 1;
				LastSwiftUpdateCheck = 1420;
				LastUpgradeCheck = 1420;
				TargetAttributes = {
					08541735297620920068FCB1 = {
						CreatedOnToolsVersion = 14.2;
					};
				};
			};
			buildConfigurationList = 08541731297620920068FCB1 /* Build configuration list for PBXProject "Comfort Rides Pro" */;
			compatibilityVersion = "Xcode 14.0";
			developmentRegion = en;
			hasScannedForEncodings = 0;
			knownRegions = (
				en,
				Base,
			);
			mainGroup = 0854172D297620920068FCB1;
			packageReferences = (
				0854175A297E14F40068FCB1 /* XCRemoteSwiftPackageReference "swiftui-map-item-picker" */,
				089EAC7329AD83B9005DF94B /* XCRemoteSwiftPackageReference "AlertToast" */,
			);
			productRefGroup = 0854172D297620920068FCB1;
			projectDirPath = "";
			projectRoot = "";
			targets = (
				08541735297620920068FCB1 /* Comfort Rides Pro */,
			);
		};
/* End PBXProject section */

/* Begin PBXResourcesBuildPhase section */
		08541734297620920068FCB1 /* Resources */ = {
			isa = PBXResourcesBuildPhase;
			buildActionMask = 2147483647;
			files = (
				08541741297620930068FCB1 /* Preview Assets.xcassets in Resources */,
				0854173E297620930068FCB1 /* Assets.xcassets in Resources */,
			);
			runOnlyForDeploymentPostprocessing = 0;
		};
/* End PBXResourcesBuildPhase section */

/* Begin PBXShellScriptBuildPhase section */
		08D2712E2A3EAE75006D5A76 /* ShellScript */ = {
			isa = PBXShellScriptBuildPhase;
			buildActionMask = 2147483647;
			files = (
			);
			inputFileListPaths = (
			);
			inputPaths = (
			);
			outputFileListPaths = (
			);
			outputPaths = (
			);
			runOnlyForDeploymentPostprocessing = 0;
			shellPath = /bin/sh;
			shellScript = "FRAMEWORKS=\"${BUILT_PRODUCTS_DIR}/${FRAMEWORKS_FOLDER_PATH}\"\n\"${FRAMEWORKS}/SquareInAppPaymentsSDK.framework/setup\"\n";
		};
/* End PBXShellScriptBuildPhase section */

/* Begin PBXSourcesBuildPhase section */
		08541732297620920068FCB1 /* Sources */ = {
			isa = PBXSourcesBuildPhase;
			buildActionMask = 2147483647;
			files = (
				086C9D0029A6622C00344576 /* Overview.swift in Sources */,
				0854173C297620920068FCB1 /* ContentView.swift in Sources */,
				0854174B2978C97D0068FCB1 /* Ride.swift in Sources */,
				08902E39299C57BF00DA89E2 /* DestinationSelector.swift in Sources */,
				089104A029D0DDD100D474B1 /* Login.swift in Sources */,
				088E592129EB090E0055DBB0 /* LocationsData.swift in Sources */,
				0854173A297620920068FCB1 /* Comfort_Rides_ProApp.swift in Sources */,
				08355DEF29A1A949000F434C /* StartingScreen.swift in Sources */,
				088E591B29EA01780055DBB0 /* Launchscreen.swift in Sources */,
				088E591D29EB00940055DBB0 /* CreatedBookingResponseData.swift in Sources */,
				0891049929CFC61500D474B1 /* SquareManager.swift in Sources */,
				0891049E29D0A8FF00D474B1 /* SquareError.swift in Sources */,
				088E592329EB0AEF0055DBB0 /* CreatedLocationResponseData.swift in Sources */,
				08AF4FF52A3D26BA00236759 /* RideResponse.swift in Sources */,
				08355DF129A1B126000F434C /* Constants.swift in Sources */,
				0891049C29D0A54800D474B1 /* User.swift in Sources */,
				0870CA822A3611BE0064F8A3 /* BookedRides.swift in Sources */,
			);
			runOnlyForDeploymentPostprocessing = 0;
		};
/* End PBXSourcesBuildPhase section */

/* Begin XCBuildConfiguration section */
		08541742297620930068FCB1 /* Debug */ = {
			isa = XCBuildConfiguration;
			buildSettings = {
				ALWAYS_SEARCH_USER_PATHS = NO;
				CLANG_ANALYZER_NONNULL = YES;
				CLANG_ANALYZER_NUMBER_OBJECT_CONVERSION = YES_AGGRESSIVE;
				CLANG_CXX_LANGUAGE_STANDARD = "gnu++20";
				CLANG_ENABLE_MODULES = YES;
				CLANG_ENABLE_OBJC_ARC = YES;
				CLANG_ENABLE_OBJC_WEAK = YES;
				CLANG_WARN_BLOCK_CAPTURE_AUTORELEASING = YES;
				CLANG_WARN_BOOL_CONVERSION = YES;
				CLANG_WARN_COMMA = YES;
				CLANG_WARN_CONSTANT_CONVERSION = YES;
				CLANG_WARN_DEPRECATED_OBJC_IMPLEMENTATIONS = YES;
				CLANG_WARN_DIRECT_OBJC_ISA_USAGE = YES_ERROR;
				CLANG_WARN_DOCUMENTATION_COMMENTS = YES;
				CLANG_WARN_EMPTY_BODY = YES;
				CLANG_WARN_ENUM_CONVERSION = YES;
				CLANG_WARN_INFINITE_RECURSION = YES;
				CLANG_WARN_INT_CONVERSION = YES;
				CLANG_WARN_NON_LITERAL_NULL_CONVERSION = YES;
				CLANG_WARN_OBJC_IMPLICIT_RETAIN_SELF = YES;
				CLANG_WARN_OBJC_LITERAL_CONVERSION = YES;
				CLANG_WARN_OBJC_ROOT_CLASS = YES_ERROR;
				CLANG_WARN_QUOTED_INCLUDE_IN_FRAMEWORK_HEADER = YES;
				CLANG_WARN_RANGE_LOOP_ANALYSIS = YES;
				CLANG_WARN_STRICT_PROTOTYPES = YES;
				CLANG_WARN_SUSPICIOUS_MOVE = YES;
				CLANG_WARN_UNGUARDED_AVAILABILITY = YES_AGGRESSIVE;
				CLANG_WARN_UNREACHABLE_CODE = YES;
				CLANG_WARN__DUPLICATE_METHOD_MATCH = YES;
				COPY_PHASE_STRIP = NO;
				DEBUG_INFORMATION_FORMAT = dwarf;
				ENABLE_STRICT_OBJC_MSGSEND = YES;
				ENABLE_TESTABILITY = YES;
				GCC_C_LANGUAGE_STANDARD = gnu11;
				GCC_DYNAMIC_NO_PIC = NO;
				GCC_NO_COMMON_BLOCKS = YES;
				GCC_OPTIMIZATION_LEVEL = 0;
				GCC_PREPROCESSOR_DEFINITIONS = (
					"DEBUG=1",
					"$(inherited)",
				);
				GCC_WARN_64_TO_32_BIT_CONVERSION = YES;
				GCC_WARN_ABOUT_RETURN_TYPE = YES_ERROR;
				GCC_WARN_UNDECLARED_SELECTOR = YES;
				GCC_WARN_UNINITIALIZED_AUTOS = YES_AGGRESSIVE;
				GCC_WARN_UNUSED_FUNCTION = YES;
				GCC_WARN_UNUSED_VARIABLE = YES;
				IPHONEOS_DEPLOYMENT_TARGET = 16.2;
				MTL_ENABLE_DEBUG_INFO = INCLUDE_SOURCE;
				MTL_FAST_MATH = YES;
				ONLY_ACTIVE_ARCH = YES;
				SDKROOT = iphoneos;
				SWIFT_ACTIVE_COMPILATION_CONDITIONS = DEBUG;
				SWIFT_OPTIMIZATION_LEVEL = "-Onone";
			};
			name = Debug;
		};
		08541743297620930068FCB1 /* Release */ = {
			isa = XCBuildConfiguration;
			buildSettings = {
				ALWAYS_SEARCH_USER_PATHS = NO;
				CLANG_ANALYZER_NONNULL = YES;
				CLANG_ANALYZER_NUMBER_OBJECT_CONVERSION = YES_AGGRESSIVE;
				CLANG_CXX_LANGUAGE_STANDARD = "gnu++20";
				CLANG_ENABLE_MODULES = YES;
				CLANG_ENABLE_OBJC_ARC = YES;
				CLANG_ENABLE_OBJC_WEAK = YES;
				CLANG_WARN_BLOCK_CAPTURE_AUTORELEASING = YES;
				CLANG_WARN_BOOL_CONVERSION = YES;
				CLANG_WARN_COMMA = YES;
				CLANG_WARN_CONSTANT_CONVERSION = YES;
				CLANG_WARN_DEPRECATED_OBJC_IMPLEMENTATIONS = YES;
				CLANG_WARN_DIRECT_OBJC_ISA_USAGE = YES_ERROR;
				CLANG_WARN_DOCUMENTATION_COMMENTS = YES;
				CLANG_WARN_EMPTY_BODY = YES;
				CLANG_WARN_ENUM_CONVERSION = YES;
				CLANG_WARN_INFINITE_RECURSION = YES;
				CLANG_WARN_INT_CONVERSION = YES;
				CLANG_WARN_NON_LITERAL_NULL_CONVERSION = YES;
				CLANG_WARN_OBJC_IMPLICIT_RETAIN_SELF = YES;
				CLANG_WARN_OBJC_LITERAL_CONVERSION = YES;
				CLANG_WARN_OBJC_ROOT_CLASS = YES_ERROR;
				CLANG_WARN_QUOTED_INCLUDE_IN_FRAMEWORK_HEADER = YES;
				CLANG_WARN_RANGE_LOOP_ANALYSIS = YES;
				CLANG_WARN_STRICT_PROTOTYPES = YES;
				CLANG_WARN_SUSPICIOUS_MOVE = YES;
				CLANG_WARN_UNGUARDED_AVAILABILITY = YES_AGGRESSIVE;
				CLANG_WARN_UNREACHABLE_CODE = YES;
				CLANG_WARN__DUPLICATE_METHOD_MATCH = YES;
				COPY_PHASE_STRIP = NO;
				DEBUG_INFORMATION_FORMAT = "dwarf-with-dsym";
				ENABLE_NS_ASSERTIONS = NO;
				ENABLE_STRICT_OBJC_MSGSEND = YES;
				GCC_C_LANGUAGE_STANDARD = gnu11;
				GCC_NO_COMMON_BLOCKS = YES;
				GCC_WARN_64_TO_32_BIT_CONVERSION = YES;
				GCC_WARN_ABOUT_RETURN_TYPE = YES_ERROR;
				GCC_WARN_UNDECLARED_SELECTOR = YES;
				GCC_WARN_UNINITIALIZED_AUTOS = YES_AGGRESSIVE;
				GCC_WARN_UNUSED_FUNCTION = YES;
				GCC_WARN_UNUSED_VARIABLE = YES;
				IPHONEOS_DEPLOYMENT_TARGET = 16.2;
				MTL_ENABLE_DEBUG_INFO = NO;
				MTL_FAST_MATH = YES;
				SDKROOT = iphoneos;
				SWIFT_COMPILATION_MODE = wholemodule;
				SWIFT_OPTIMIZATION_LEVEL = "-O";
				VALIDATE_PRODUCT = YES;
			};
			name = Release;
		};
		08541745297620930068FCB1 /* Debug */ = {
			isa = XCBuildConfiguration;
			buildSettings = {
				ASSETCATALOG_COMPILER_APPICON_NAME = AppIcon;
				ASSETCATALOG_COMPILER_GLOBAL_ACCENT_COLOR_NAME = AccentColor;
				CODE_SIGN_ENTITLEMENTS = "Comfort Rides Pro/Comfort Rides Pro.entitlements";
				CODE_SIGN_STYLE = Automatic;
				CURRENT_PROJECT_VERSION = 1;
				DEVELOPMENT_ASSET_PATHS = "\"Comfort Rides Pro/Preview Content\"";
				DEVELOPMENT_TEAM = ZGVKCP72NR;
				ENABLE_PREVIEWS = YES;
				GENERATE_INFOPLIST_FILE = YES;
				INFOPLIST_FILE = "Comfort-Rides-Pro-Info.plist";
				INFOPLIST_KEY_CFBundleDisplayName = Private;
				INFOPLIST_KEY_NSLocationWhenInUseUsageDescription = "Location access is required to choose a location";
				INFOPLIST_KEY_UIApplicationSceneManifest_Generation = YES;
				INFOPLIST_KEY_UIApplicationSupportsIndirectInputEvents = YES;
				INFOPLIST_KEY_UILaunchScreen_Generation = YES;
				INFOPLIST_KEY_UISupportedInterfaceOrientations = UIInterfaceOrientationPortrait;
				INFOPLIST_KEY_UISupportedInterfaceOrientations_iPad = "UIInterfaceOrientationLandscapeLeft UIInterfaceOrientationLandscapeRight UIInterfaceOrientationPortrait UIInterfaceOrientationPortraitUpsideDown";
				IPHONEOS_DEPLOYMENT_TARGET = 16.0;
				LD_RUNPATH_SEARCH_PATHS = (
					"$(inherited)",
					"@executable_path/Frameworks",
					"@loader_path/Frameworks",
				);
				MARKETING_VERSION = 1.5;
				PRODUCT_BUNDLE_IDENTIFIER = "armaanahmed.Comfort-Rides-Pro";
				PRODUCT_NAME = "$(TARGET_NAME)";
				SWIFT_EMIT_LOC_STRINGS = YES;
				SWIFT_VERSION = 5.0;
				TARGETED_DEVICE_FAMILY = "1,2";
			};
			name = Debug;
		};
		08541746297620930068FCB1 /* Release */ = {
			isa = XCBuildConfiguration;
			buildSettings = {
				ASSETCATALOG_COMPILER_APPICON_NAME = AppIcon;
				ASSETCATALOG_COMPILER_GLOBAL_ACCENT_COLOR_NAME = AccentColor;
				CODE_SIGN_ENTITLEMENTS = "Comfort Rides Pro/Comfort Rides Pro.entitlements";
				CODE_SIGN_STYLE = Automatic;
				CURRENT_PROJECT_VERSION = 1;
				DEVELOPMENT_ASSET_PATHS = "\"Comfort Rides Pro/Preview Content\"";
				DEVELOPMENT_TEAM = ZGVKCP72NR;
				ENABLE_PREVIEWS = YES;
				GENERATE_INFOPLIST_FILE = YES;
				INFOPLIST_FILE = "Comfort-Rides-Pro-Info.plist";
				INFOPLIST_KEY_CFBundleDisplayName = Private;
				INFOPLIST_KEY_NSLocationWhenInUseUsageDescription = "Location access is required to choose a location";
				INFOPLIST_KEY_UIApplicationSceneManifest_Generation = YES;
				INFOPLIST_KEY_UIApplicationSupportsIndirectInputEvents = YES;
				INFOPLIST_KEY_UILaunchScreen_Generation = YES;
				INFOPLIST_KEY_UISupportedInterfaceOrientations = UIInterfaceOrientationPortrait;
				INFOPLIST_KEY_UISupportedInterfaceOrientations_iPad = "UIInterfaceOrientationLandscapeLeft UIInterfaceOrientationLandscapeRight UIInterfaceOrientationPortrait UIInterfaceOrientationPortraitUpsideDown";
				IPHONEOS_DEPLOYMENT_TARGET = 16.0;
				LD_RUNPATH_SEARCH_PATHS = (
					"$(inherited)",
					"@executable_path/Frameworks",
					"@loader_path/Frameworks",
				);
				MARKETING_VERSION = 1.5;
				PRODUCT_BUNDLE_IDENTIFIER = "armaanahmed.Comfort-Rides-Pro";
				PRODUCT_NAME = "$(TARGET_NAME)";
				SWIFT_EMIT_LOC_STRINGS = YES;
				SWIFT_VERSION = 5.0;
				TARGETED_DEVICE_FAMILY = "1,2";
			};
			name = Release;
		};
/* End XCBuildConfiguration section */

/* Begin XCConfigurationList section */
		08541731297620920068FCB1 /* Build configuration list for PBXProject "Comfort Rides Pro" */ = {
			isa = XCConfigurationList;
			buildConfigurations = (
				08541742297620930068FCB1 /* Debug */,
				08541743297620930068FCB1 /* Release */,
			);
			defaultConfigurationIsVisible = 0;
			defaultConfigurationName = Release;
		};
		08541744297620930068FCB1 /* Build configuration list for PBXNativeTarget "Comfort Rides Pro" */ = {
			isa = XCConfigurationList;
			buildConfigurations = (
				08541745297620930068FCB1 /* Debug */,
				08541746297620930068FCB1 /* Release */,
			);
			defaultConfigurationIsVisible = 0;
			defaultConfigurationName = Release;
		};
/* End XCConfigurationList section */

/* Begin XCRemoteSwiftPackageReference section */
		0854175A297E14F40068FCB1 /* XCRemoteSwiftPackageReference "swiftui-map-item-picker" */ = {
			isa = XCRemoteSwiftPackageReference;
			repositoryURL = "https://github.com/lorenzofiamingo/swiftui-map-item-picker";
			requirement = {
				kind = upToNextMajorVersion;
				minimumVersion = 2.0.0;
			};
		};
		089EAC7329AD83B9005DF94B /* XCRemoteSwiftPackageReference "AlertToast" */ = {
			isa = XCRemoteSwiftPackageReference;
			repositoryURL = "https://github.com/elai950/AlertToast.git";
			requirement = {
				kind = upToNextMajorVersion;
				minimumVersion = 1.0.0;
			};
		};
/* End XCRemoteSwiftPackageReference section */

/* Begin XCSwiftPackageProductDependency section */
		0854175B297E14F40068FCB1 /* MapItemPicker */ = {
			isa = XCSwiftPackageProductDependency;
			package = 0854175A297E14F40068FCB1 /* XCRemoteSwiftPackageReference "swiftui-map-item-picker" */;
			productName = MapItemPicker;
		};
		089EAC7429AD83B9005DF94B /* AlertToast */ = {
			isa = XCSwiftPackageProductDependency;
			package = 089EAC7329AD83B9005DF94B /* XCRemoteSwiftPackageReference "AlertToast" */;
			productName = AlertToast;
		};
/* End XCSwiftPackageProductDependency section */
	};
	rootObject = 0854172E297620920068FCB1 /* Project object */;
}
